
Microsoft Visual Studio Solution File, Format Version 12.00
# Visual Studio Version 17
VisualStudioVersion = 17.5.002.0
MinimumVisualStudioVersion = 10.0.40219.1
Project("{9A19103F-16F7-4668-BE54-9A1E7A4F7556}") = "MvcLab4", "MvcLab4.csproj", "{1D4F9ED8-64A1-4CC7-A054-52C29B875503}"
EndProject
Global
	GlobalSection(SolutionConfigurationPlatforms) = preSolution
		Debug|Any CPU = Debug|Any CPU
		Release|Any CPU = Release|Any CPU
	EndGlobalSection
	GlobalSection(ProjectConfigurationPlatforms) = postSolution
		{1D4F9ED8-64A1-4CC7-A054-52C29B875503}.Debug|Any CPU.ActiveCfg = Debug|Any CPU
		{1D4F9ED8-64A1-4CC7-A054-52C29B875503}.Debug|Any CPU.Build.0 = Debug|Any CPU
		{1D4F9ED8-64A1-4CC7-A054-52C29B875503}.Release|Any CPU.ActiveCfg = Release|Any CPU
		{1D4F9ED8-64A1-4CC7-A054-52C29B875503}.Release|Any CPU.Build.0 = Release|Any CPU
	EndGlobalSection
	GlobalSection(SolutionProperties) = preSolution
		HideSolutionNode = FALSE
	EndGlobalSection
	GlobalSection(ExtensibilityGlobals) = postSolution
		SolutionGuid = {7F82D329-E3DB-416E-8C20-627BC6893435}
	EndGlobalSection
EndGlobal
