
Microsoft Visual Studio Solution File, Format Version 12.00
# Visual Studio Version 17
VisualStudioVersion = 17.5.002.0
MinimumVisualStudioVersion = 10.0.40219.1
Project("{9A19103F-16F7-4668-BE54-9A1E7A4F7556}") = "MVC_Lab3", "MVC_Lab3.csproj", "{AA60CDE0-35AA-4AE7-A3FE-78F2842A7FDC}"
EndProject
Global
	GlobalSection(SolutionConfigurationPlatforms) = preSolution
		Debug|Any CPU = Debug|Any CPU
		Release|Any CPU = Release|Any CPU
	EndGlobalSection
	GlobalSection(ProjectConfigurationPlatforms) = postSolution
		{AA60CDE0-35AA-4AE7-A3FE-78F2842A7FDC}.Debug|Any CPU.ActiveCfg = Debug|Any CPU
		{AA60CDE0-35AA-4AE7-A3FE-78F2842A7FDC}.Debug|Any CPU.Build.0 = Debug|Any CPU
		{AA60CDE0-35AA-4AE7-A3FE-78F2842A7FDC}.Release|Any CPU.ActiveCfg = Release|Any CPU
		{AA60CDE0-35AA-4AE7-A3FE-78F2842A7FDC}.Release|Any CPU.Build.0 = Release|Any CPU
	EndGlobalSection
	GlobalSection(SolutionProperties) = preSolution
		HideSolutionNode = FALSE
	EndGlobalSection
	GlobalSection(ExtensibilityGlobals) = postSolution
		SolutionGuid = {8FB94CFE-006C-42BE-801F-D7DB0E7B728B}
	EndGlobalSection
EndGlobal
